// !$*UTF8*$!
{
	archiveVersion = 1;
	classes = {
	};
	objectVersion = 51;
	objects = {

/* Begin PBXBuildFile section */
		5D478F742850B3600081CA91 /* AppDelegate.swift in Sources */ = {isa = PBXBuildFile; fileRef = 5D478F732850B3600081CA91 /* AppDelegate.swift */; };
		5D478F762850B3600081CA91 /* SceneDelegate.swift in Sources */ = {isa = PBXBuildFile; fileRef = 5D478F752850B3600081CA91 /* SceneDelegate.swift */; };
		5D478F782850B3600081CA91 /* ViewController.swift in Sources */ = {isa = PBXBuildFile; fileRef = 5D478F772850B3600081CA91 /* ViewController.swift */; };
		5D478F7B2850B3600081CA91 /* Main.storyboard in Resources */ = {isa = PBXBuildFile; fileRef = 5D478F792850B3600081CA91 /* Main.storyboard */; };
		5D478F7D2850B3610081CA91 /* Assets.xcassets in Resources */ = {isa = PBXBuildFile; fileRef = 5D478F7C2850B3610081CA91 /* Assets.xcassets */; };
		5D478F802850B3610081CA91 /* LaunchScreen.storyboard in Resources */ = {isa = PBXBuildFile; fileRef = 5D478F7E2850B3610081CA91 /* LaunchScreen.storyboard */; };
		5D478F932850B5030081CA91 /* FetchData.swift in Sources */ = {isa = PBXBuildFile; fileRef = 5D478F922850B5030081CA91 /* FetchData.swift */; };
		5D478F962850B5B40081CA91 /* Result.swift in Sources */ = {isa = PBXBuildFile; fileRef = 5D478F952850B5B30081CA91 /* Result.swift */; };
		5D478F9A2850B73E0081CA91 /* TableViewCell.swift in Sources */ = {isa = PBXBuildFile; fileRef = 5D478F992850B73E0081CA91 /* TableViewCell.swift */; };
		E51B752BEC495B471F69D123 /* Pods_Photosum.framework in Frameworks */ = {isa = PBXBuildFile; fileRef = 3B0AF7712B7F38864837B518 /* Pods_Photosum.framework */; };
/* End PBXBuildFile section */

/* Begin PBXFileReference section */
		3B0AF7712B7F38864837B518 /* Pods_Photosum.framework */ = {isa = PBXFileReference; explicitFileType = wrapper.framework; includeInIndex = 0; path = Pods_Photosum.framework; sourceTree = BUILT_PRODUCTS_DIR; };
		4953D17A660E2051D69F79D9 /* Pods-Photosum.debug.xcconfig */ = {isa = PBXFileReference; includeInIndex = 1; lastKnownFileType = text.xcconfig; name = "Pods-Photosum.debug.xcconfig"; path = "Target Support Files/Pods-Photosum/Pods-Photosum.debug.xcconfig"; sourceTree = "<group>"; };
		5D478F702850B3600081CA91 /* Photosum.app */ = {isa = PBXFileReference; explicitFileType = wrapper.application; includeInIndex = 0; path = Photosum.app; sourceTree = BUILT_PRODUCTS_DIR; };
		5D478F732850B3600081CA91 /* AppDelegate.swift */ = {isa = PBXFileReference; lastKnownFileType = sourcecode.swift; path = AppDelegate.swift; sourceTree = "<group>"; };
		5D478F752850B3600081CA91 /* SceneDelegate.swift */ = {isa = PBXFileReference; lastKnownFileType = sourcecode.swift; path = SceneDelegate.swift; sourceTree = "<group>"; };
		5D478F772850B3600081CA91 /* ViewController.swift */ = {isa = PBXFileReference; lastKnownFileType = sourcecode.swift; path = ViewController.swift; sourceTree = "<group>"; };
		5D478F7A2850B3600081CA91 /* Base */ = {isa = PBXFileReference; lastKnownFileType = file.storyboard; name = Base; path = Base.lproj/Main.storyboard; sourceTree = "<group>"; };
		5D478F7C2850B3610081CA91 /* Assets.xcassets */ = {isa = PBXFileReference; lastKnownFileType = folder.assetcatalog; path = Assets.xcassets; sourceTree = "<group>"; };
		5D478F7F2850B3610081CA91 /* Base */ = {isa = PBXFileReference; lastKnownFileType = file.storyboard; name = Base; path = Base.lproj/LaunchScreen.storyboard; sourceTree = "<group>"; };
		5D478F812850B3610081CA91 /* Info.plist */ = {isa = PBXFileReference; lastKnownFileType = text.plist.xml; path = Info.plist; sourceTree = "<group>"; };
		5D478F922850B5030081CA91 /* FetchData.swift */ = {isa = PBXFileReference; lastKnownFileType = sourcecode.swift; path = FetchData.swift; sourceTree = "<group>"; };
		5D478F952850B5B30081CA91 /* Result.swift */ = {isa = PBXFileReference; fileEncoding = 4; lastKnownFileType = sourcecode.swift; path = Result.swift; sourceTree = "<group>"; };
		5D478F992850B73E0081CA91 /* TableViewCell.swift */ = {isa = PBXFileReference; lastKnownFileType = sourcecode.swift; path = TableViewCell.swift; sourceTree = "<group>"; };
		DD1A74E5C3CDB7893D5C1A7E /* Pods-Photosum.release.xcconfig */ = {isa = PBXFileReference; includeInIndex = 1; lastKnownFileType = text.xcconfig; name = "Pods-Photosum.release.xcconfig"; path = "Target Support Files/Pods-Photosum/Pods-Photosum.release.xcconfig"; sourceTree = "<group>"; };
/* End PBXFileReference section */

/* Begin PBXFrameworksBuildPhase section */
		5D478F6D2850B3600081CA91 /* Frameworks */ = {
			isa = PBXFrameworksBuildPhase;
			buildActionMask = 2147483647;
			files = (
				E51B752BEC495B471F69D123 /* Pods_Photosum.framework in Frameworks */,
			);
			runOnlyForDeploymentPostprocessing = 0;
		};
/* End PBXFrameworksBuildPhase section */

/* Begin PBXGroup section */
		5D478F672850B3600081CA91 = {
			isa = PBXGroup;
			children = (
				5D478F722850B3600081CA91 /* Photosum */,
				5D478F712850B3600081CA91 /* Products */,
				D8EF8861D4212F26D966ECF7 /* Pods */,
				8E35863183BAA085ED13F461 /* Frameworks */,
			);
			sourceTree = "<group>";
		};
		5D478F712850B3600081CA91 /* Products */ = {
			isa = PBXGroup;
			children = (
				5D478F702850B3600081CA91 /* Photosum.app */,
			);
			name = Products;
			sourceTree = "<group>";
		};
		5D478F722850B3600081CA91 /* Photosum */ = {
			isa = PBXGroup;
			children = (
				5D478F8D2850B3DD0081CA91 /* Supportingfiles */,
				5D478F8B2850B3BD0081CA91 /* Controller */,
				5D478F892850B3B40081CA91 /* View */,
				5D478F882850B3AD0081CA91 /* Model */,
				5D478F812850B3610081CA91 /* Info.plist */,
			);
			path = Photosum;
			sourceTree = "<group>";
		};
		5D478F882850B3AD0081CA91 /* Model */ = {
			isa = PBXGroup;
			children = (
				5D478FAA2850E0340081CA91 /* Logic-Model */,
				5D478F952850B5B30081CA91 /* Result.swift */,
			);
			path = Model;
			sourceTree = "<group>";
		};
		5D478F892850B3B40081CA91 /* View */ = {
			isa = PBXGroup;
			children = (
				5D478FAC2850E12D0081CA91 /* Storyboard */,
				5D478F992850B73E0081CA91 /* TableViewCell.swift */,
			);
			path = View;
			sourceTree = "<group>";
		};
		5D478F8B2850B3BD0081CA91 /* Controller */ = {
			isa = PBXGroup;
			children = (
				5D478F772850B3600081CA91 /* ViewController.swift */,
			);
			path = Controller;
			sourceTree = "<group>";
		};
		5D478F8D2850B3DD0081CA91 /* Supportingfiles */ = {
			isa = PBXGroup;
			children = (
				5D478F732850B3600081CA91 /* AppDelegate.swift */,
				5D478F752850B3600081CA91 /* SceneDelegate.swift */,
				5D478F7C2850B3610081CA91 /* Assets.xcassets */,
			);
			path = Supportingfiles;
			sourceTree = "<group>";
		};
		5D478FAA2850E0340081CA91 /* Logic-Model */ = {
			isa = PBXGroup;
			children = (
				5D478F922850B5030081CA91 /* FetchData.swift */,
			);
			path = "Logic-Model";
			sourceTree = "<group>";
		};
		5D478FAC2850E12D0081CA91 /* Storyboard */ = {
			isa = PBXGroup;
			children = (
				5D478F7E2850B3610081CA91 /* LaunchScreen.storyboard */,
				5D478F792850B3600081CA91 /* Main.storyboard */,
			);
			path = Storyboard;
			sourceTree = "<group>";
		};
		8E35863183BAA085ED13F461 /* Frameworks */ = {
			isa = PBXGroup;
			children = (
				3B0AF7712B7F38864837B518 /* Pods_Photosum.framework */,
			);
			name = Frameworks;
			sourceTree = "<group>";
		};
		D8EF8861D4212F26D966ECF7 /* Pods */ = {
			isa = PBXGroup;
			children = (
				4953D17A660E2051D69F79D9 /* Pods-Photosum.debug.xcconfig */,
				DD1A74E5C3CDB7893D5C1A7E /* Pods-Photosum.release.xcconfig */,
			);
			path = Pods;
			sourceTree = "<group>";
		};
/* End PBXGroup section */

/* Begin PBXNativeTarget section */
		5D478F6F2850B3600081CA91 /* Photosum */ = {
			isa = PBXNativeTarget;
			buildConfigurationList = 5D478F842850B3610081CA91 /* Build configuration list for PBXNativeTarget "Photosum" */;
			buildPhases = (
				0A9771EA5FAB6D6DC7CEF5EF /* [CP] Check Pods Manifest.lock */,
				5D478F6C2850B3600081CA91 /* Sources */,
				5D478F6D2850B3600081CA91 /* Frameworks */,
				5D478F6E2850B3600081CA91 /* Resources */,
				88FAB8490324931836862113 /* [CP] Embed Pods Frameworks */,
			);
			buildRules = (
			);
			dependencies = (
			);
			name = Photosum;
			productName = Photosum;
			productReference = 5D478F702850B3600081CA91 /* Photosum.app */;
			productType = "com.apple.product-type.application";
		};
/* End PBXNativeTarget section */

/* Begin PBXProject section */
		5D478F682850B3600081CA91 /* Project object */ = {
			isa = PBXProject;
			attributes = {
				LastSwiftUpdateCheck = 1240;
				LastUpgradeCheck = 1240;
				TargetAttributes = {
					5D478F6F2850B3600081CA91 = {
						CreatedOnToolsVersion = 12.4;
					};
				};
			};
			buildConfigurationList = 5D478F6B2850B3600081CA91 /* Build configuration list for PBXProject "Photosum" */;
			compatibilityVersion = "Xcode 9.3";
			developmentRegion = en;
			hasScannedForEncodings = 0;
			knownRegions = (
				en,
				Base,
			);
			mainGroup = 5D478F672850B3600081CA91;
			productRefGroup = 5D478F712850B3600081CA91 /* Products */;
			projectDirPath = "";
			projectRoot = "";
			targets = (
				5D478F6F2850B3600081CA91 /* Photosum */,
			);
		};
/* End PBXProject section */

/* Begin PBXResourcesBuildPhase section */
		5D478F6E2850B3600081CA91 /* Resources */ = {
			isa = PBXResourcesBuildPhase;
			buildActionMask = 2147483647;
			files = (
				5D478F802850B3610081CA91 /* LaunchScreen.storyboard in Resources */,
				5D478F7D2850B3610081CA91 /* Assets.xcassets in Resources */,
				5D478F7B2850B3600081CA91 /* Main.storyboard in Resources */,
			);
			runOnlyForDeploymentPostprocessing = 0;
		};
/* End PBXResourcesBuildPhase section */

/* Begin PBXShellScriptBuildPhase section */
		0A9771EA5FAB6D6DC7CEF5EF /* [CP] Check Pods Manifest.lock */ = {
			isa = PBXShellScriptBuildPhase;
			buildActionMask = 2147483647;
			files = (
			);
			inputFileListPaths = (
			);
			inputPaths = (
				"${PODS_PODFILE_DIR_PATH}/Podfile.lock",
				"${PODS_ROOT}/Manifest.lock",
			);
			name = "[CP] Check Pods Manifest.lock";
			outputFileListPaths = (
			);
			outputPaths = (
				"$(DERIVED_FILE_DIR)/Pods-Photosum-checkManifestLockResult.txt",
			);
			runOnlyForDeploymentPostprocessing = 0;
			shellPath = /bin/sh;
			shellScript = "diff \"${PODS_PODFILE_DIR_PATH}/Podfile.lock\" \"${PODS_ROOT}/Manifest.lock\" > /dev/null\nif [ $? != 0 ] ; then\n    # print error to STDERR\n    echo \"error: The sandbox is not in sync with the Podfile.lock. Run 'pod install' or update your CocoaPods installation.\" >&2\n    exit 1\nfi\n# This output is used by Xcode 'outputs' to avoid re-running this script phase.\necho \"SUCCESS\" > \"${SCRIPT_OUTPUT_FILE_0}\"\n";
			showEnvVarsInLog = 0;
		};
		88FAB8490324931836862113 /* [CP] Embed Pods Frameworks */ = {
			isa = PBXShellScriptBuildPhase;
			buildActionMask = 2147483647;
			files = (
			);
			inputFileListPaths = (
				"${PODS_ROOT}/Target Support Files/Pods-Photosum/Pods-Photosum-frameworks-${CONFIGURATION}-input-files.xcfilelist",
			);
			name = "[CP] Embed Pods Frameworks";
			outputFileListPaths = (
				"${PODS_ROOT}/Target Support Files/Pods-Photosum/Pods-Photosum-frameworks-${CONFIGURATION}-output-files.xcfilelist",
			);
			runOnlyForDeploymentPostprocessing = 0;
			shellPath = /bin/sh;
			shellScript = "\"${PODS_ROOT}/Target Support Files/Pods-Photosum/Pods-Photosum-frameworks.sh\"\n";
			showEnvVarsInLog = 0;
		};
/* End PBXShellScriptBuildPhase section */

/* Begin PBXSourcesBuildPhase section */
		5D478F6C2850B3600081CA91 /* Sources */ = {
			isa = PBXSourcesBuildPhase;
			buildActionMask = 2147483647;
			files = (
				5D478F782850B3600081CA91 /* ViewController.swift in Sources */,
				5D478F742850B3600081CA91 /* AppDelegate.swift in Sources */,
				5D478F932850B5030081CA91 /* FetchData.swift in Sources */,
				5D478F9A2850B73E0081CA91 /* TableViewCell.swift in Sources */,
				5D478F962850B5B40081CA91 /* Result.swift in Sources */,
				5D478F762850B3600081CA91 /* SceneDelegate.swift in Sources */,
			);
			runOnlyForDeploymentPostprocessing = 0;
		};
/* End PBXSourcesBuildPhase section */

/* Begin PBXVariantGroup section */
		5D478F792850B3600081CA91 /* Main.storyboard */ = {
			isa = PBXVariantGroup;
			children = (
				5D478F7A2850B3600081CA91 /* Base */,
			);
			name = Main.storyboard;
			sourceTree = "<group>";
		};
		5D478F7E2850B3610081CA91 /* LaunchScreen.storyboard */ = {
			isa = PBXVariantGroup;
			children = (
				5D478F7F2850B3610081CA91 /* Base */,
			);
			name = LaunchScreen.storyboard;
			sourceTree = "<group>";
		};
/* End PBXVariantGroup section */

/* Begin XCBuildConfiguration section */
		5D478F822850B3610081CA91 /* Debug */ = {
			isa = XCBuildConfiguration;
			buildSettings = {
				ALWAYS_SEARCH_USER_PATHS = NO;
				CLANG_ANALYZER_NONNULL = YES;
				CLANG_ANALYZER_NUMBER_OBJECT_CONVERSION = YES_AGGRESSIVE;
				CLANG_CXX_LANGUAGE_STANDARD = "gnu++14";
				CLANG_CXX_LIBRARY = "libc++";
				CLANG_ENABLE_MODULES = YES;
				CLANG_ENABLE_OBJC_ARC = YES;
				CLANG_ENABLE_OBJC_WEAK = YES;
				CLANG_WARN_BLOCK_CAPTURE_AUTORELEASING = YES;
				CLANG_WARN_BOOL_CONVERSION = YES;
				CLANG_WARN_COMMA = YES;
				CLANG_WARN_CONSTANT_CONVERSION = YES;
				CLANG_WARN_DEPRECATED_OBJC_IMPLEMENTATIONS = YES;
				CLANG_WARN_DIRECT_OBJC_ISA_USAGE = YES_ERROR;
				CLANG_WARN_DOCUMENTATION_COMMENTS = YES;
				CLANG_WARN_EMPTY_BODY = YES;
				CLANG_WARN_ENUM_CONVERSION = YES;
				CLANG_WARN_INFINITE_RECURSION = YES;
				CLANG_WARN_INT_CONVERSION = YES;
				CLANG_WARN_NON_LITERAL_NULL_CONVERSION = YES;
				CLANG_WARN_OBJC_IMPLICIT_RETAIN_SELF = YES;
				CLANG_WARN_OBJC_LITERAL_CONVERSION = YES;
				CLANG_WARN_OBJC_ROOT_CLASS = YES_ERROR;
				CLANG_WARN_QUOTED_INCLUDE_IN_FRAMEWORK_HEADER = YES;
				CLANG_WARN_RANGE_LOOP_ANALYSIS = YES;
				CLANG_WARN_STRICT_PROTOTYPES = YES;
				CLANG_WARN_SUSPICIOUS_MOVE = YES;
				CLANG_WARN_UNGUARDED_AVAILABILITY = YES_AGGRESSIVE;
				CLANG_WARN_UNREACHABLE_CODE = YES;
				CLANG_WARN__DUPLICATE_METHOD_MATCH = YES;
				COPY_PHASE_STRIP = NO;
				DEBUG_INFORMATION_FORMAT = dwarf;
				ENABLE_STRICT_OBJC_MSGSEND = YES;
				ENABLE_TESTABILITY = YES;
				GCC_C_LANGUAGE_STANDARD = gnu11;
				GCC_DYNAMIC_NO_PIC = NO;
				GCC_NO_COMMON_BLOCKS = YES;
				GCC_OPTIMIZATION_LEVEL = 0;
				GCC_PREPROCESSOR_DEFINITIONS = (
					"DEBUG=1",
					"$(inherited)",
				);
				GCC_WARN_64_TO_32_BIT_CONVERSION = YES;
				GCC_WARN_ABOUT_RETURN_TYPE = YES_ERROR;
				GCC_WARN_UNDECLARED_SELECTOR = YES;
				GCC_WARN_UNINITIALIZED_AUTOS = YES_AGGRESSIVE;
				GCC_WARN_UNUSED_FUNCTION = YES;
				GCC_WARN_UNUSED_VARIABLE = YES;
				IPHONEOS_DEPLOYMENT_TARGET = 14.4;
				MTL_ENABLE_DEBUG_INFO = INCLUDE_SOURCE;
				MTL_FAST_MATH = YES;
				ONLY_ACTIVE_ARCH = YES;
				SDKROOT = iphoneos;
				SWIFT_ACTIVE_COMPILATION_CONDITIONS = DEBUG;
				SWIFT_OPTIMIZATION_LEVEL = "-Onone";
			};
			name = Debug;
		};
		5D478F832850B3610081CA91 /* Release */ = {
			isa = XCBuildConfiguration;
			buildSettings = {
				ALWAYS_SEARCH_USER_PATHS = NO;
				CLANG_ANALYZER_NONNULL = YES;
				CLANG_ANALYZER_NUMBER_OBJECT_CONVERSION = YES_AGGRESSIVE;
				CLANG_CXX_LANGUAGE_STANDARD = "gnu++14";
				CLANG_CXX_LIBRARY = "libc++";
				CLANG_ENABLE_MODULES = YES;
				CLANG_ENABLE_OBJC_ARC = YES;
				CLANG_ENABLE_OBJC_WEAK = YES;
				CLANG_WARN_BLOCK_CAPTURE_AUTORELEASING = YES;
				CLANG_WARN_BOOL_CONVERSION = YES;
				CLANG_WARN_COMMA = YES;
				CLANG_WARN_CONSTANT_CONVERSION = YES;
				CLANG_WARN_DEPRECATED_OBJC_IMPLEMENTATIONS = YES;
				CLANG_WARN_DIRECT_OBJC_ISA_USAGE = YES_ERROR;
				CLANG_WARN_DOCUMENTATION_COMMENTS = YES;
				CLANG_WARN_EMPTY_BODY = YES;
				CLANG_WARN_ENUM_CONVERSION = YES;
				CLANG_WARN_INFINITE_RECURSION = YES;
				CLANG_WARN_INT_CONVERSION = YES;
				CLANG_WARN_NON_LITERAL_NULL_CONVERSION = YES;
				CLANG_WARN_OBJC_IMPLICIT_RETAIN_SELF = YES;
				CLANG_WARN_OBJC_LITERAL_CONVERSION = YES;
				CLANG_WARN_OBJC_ROOT_CLASS = YES_ERROR;
				CLANG_WARN_QUOTED_INCLUDE_IN_FRAMEWORK_HEADER = YES;
				CLANG_WARN_RANGE_LOOP_ANALYSIS = YES;
				CLANG_WARN_STRICT_PROTOTYPES = YES;
				CLANG_WARN_SUSPICIOUS_MOVE = YES;
				CLANG_WARN_UNGUARDED_AVAILABILITY = YES_AGGRESSIVE;
				CLANG_WARN_UNREACHABLE_CODE = YES;
				CLANG_WARN__DUPLICATE_METHOD_MATCH = YES;
				COPY_PHASE_STRIP = NO;
				DEBUG_INFORMATION_FORMAT = "dwarf-with-dsym";
				ENABLE_NS_ASSERTIONS = NO;
				ENABLE_STRICT_OBJC_MSGSEND = YES;
				GCC_C_LANGUAGE_STANDARD = gnu11;
				GCC_NO_COMMON_BLOCKS = YES;
				GCC_WARN_64_TO_32_BIT_CONVERSION = YES;
				GCC_WARN_ABOUT_RETURN_TYPE = YES_ERROR;
				GCC_WARN_UNDECLARED_SELECTOR = YES;
				GCC_WARN_UNINITIALIZED_AUTOS = YES_AGGRESSIVE;
				GCC_WARN_UNUSED_FUNCTION = YES;
				GCC_WARN_UNUSED_VARIABLE = YES;
				IPHONEOS_DEPLOYMENT_TARGET = 14.4;
				MTL_ENABLE_DEBUG_INFO = NO;
				MTL_FAST_MATH = YES;
				SDKROOT = iphoneos;
				SWIFT_COMPILATION_MODE = wholemodule;
				SWIFT_OPTIMIZATION_LEVEL = "-O";
				VALIDATE_PRODUCT = YES;
			};
			name = Release;
		};
		5D478F852850B3610081CA91 /* Debug */ = {
			isa = XCBuildConfiguration;
			baseConfigurationReference = 4953D17A660E2051D69F79D9 /* Pods-Photosum.debug.xcconfig */;
			buildSettings = {
				ASSETCATALOG_COMPILER_APPICON_NAME = AppIcon;
				ASSETCATALOG_COMPILER_GLOBAL_ACCENT_COLOR_NAME = AccentColor;
				CODE_SIGN_STYLE = Automatic;
				DEVELOPMENT_TEAM = NB5B4D8982;
				INFOPLIST_FILE = Photosum/Info.plist;
				LD_RUNPATH_SEARCH_PATHS = (
					"$(inherited)",
					"@executable_path/Frameworks",
				);
				PRODUCT_BUNDLE_IDENTIFIER = riponsk.Photosum;
				PRODUCT_NAME = "$(TARGET_NAME)";
				SWIFT_VERSION = 5.0;
				TARGETED_DEVICE_FAMILY = "1,2";
			};
			name = Debug;
		};
		5D478F862850B3610081CA91 /* Release */ = {
			isa = XCBuildConfiguration;
			baseConfigurationReference = DD1A74E5C3CDB7893D5C1A7E /* Pods-Photosum.release.xcconfig */;
			buildSettings = {
				ASSETCATALOG_COMPILER_APPICON_NAME = AppIcon;
				ASSETCATALOG_COMPILER_GLOBAL_ACCENT_COLOR_NAME = AccentColor;
				CODE_SIGN_STYLE = Automatic;
				DEVELOPMENT_TEAM = NB5B4D8982;
				INFOPLIST_FILE = Photosum/Info.plist;
				LD_RUNPATH_SEARCH_PATHS = (
					"$(inherited)",
					"@executable_path/Frameworks",
				);
				PRODUCT_BUNDLE_IDENTIFIER = riponsk.Photosum;
				PRODUCT_NAME = "$(TARGET_NAME)";
				SWIFT_VERSION = 5.0;
				TARGETED_DEVICE_FAMILY = "1,2";
			};
			name = Release;
		};
/* End XCBuildConfiguration section */

/* Begin XCConfigurationList section */
		5D478F6B2850B3600081CA91 /* Build configuration list for PBXProject "Photosum" */ = {
			isa = XCConfigurationList;
			buildConfigurations = (
				5D478F822850B3610081CA91 /* Debug */,
				5D478F832850B3610081CA91 /* Release */,
			);
			defaultConfigurationIsVisible = 0;
			defaultConfigurationName = Release;
		};
		5D478F842850B3610081CA91 /* Build configuration list for PBXNativeTarget "Photosum" */ = {
			isa = XCConfigurationList;
			buildConfigurations = (
				5D478F852850B3610081CA91 /* Debug */,
				5D478F862850B3610081CA91 /* Release */,
			);
			defaultConfigurationIsVisible = 0;
			defaultConfigurationName = Release;
		};
/* End XCConfigurationList section */
	};
	rootObject = 5D478F682850B3600081CA91 /* Project object */;
}
